
Microsoft Visual Studio Solution File, Format Version 12.00
# Visual Studio Version 17
VisualStudioVersion = 17.10.34916.146
MinimumVisualStudioVersion = 10.0.40219.1
Project("{FAE04EC0-301F-11D3-BF4B-00C04F79EFBC}") = "API", "API\API.csproj", "{14F1C336-0A23-4295-A749-4886F31E44AF}"
EndProject
Project("{FAE04EC0-301F-11D3-BF4B-00C04F79EFBC}") = "MAUI", "MAUI\MAUI.csproj", "{D1356FB0-3497-4CC9-9072-1522D877EFD7}"
EndProject
Global
	GlobalSection(SolutionConfigurationPlatforms) = preSolution
		Debug|Any CPU = Debug|Any CPU
		Release|Any CPU = Release|Any CPU
	EndGlobalSection
	GlobalSection(ProjectConfigurationPlatforms) = postSolution
		{14F1C336-0A23-4295-A749-4886F31E44AF}.Debug|Any CPU.ActiveCfg = Debug|Any CPU
		{14F1C336-0A23-4295-A749-4886F31E44AF}.Debug|Any CPU.Build.0 = Debug|Any CPU
		{14F1C336-0A23-4295-A749-4886F31E44AF}.Release|Any CPU.ActiveCfg = Release|Any CPU
		{14F1C336-0A23-4295-A749-4886F31E44AF}.Release|Any CPU.Build.0 = Release|Any CPU
		{D1356FB0-3497-4CC9-9072-1522D877EFD7}.Debug|Any CPU.ActiveCfg = Debug|Any CPU
		{D1356FB0-3497-4CC9-9072-1522D877EFD7}.Debug|Any CPU.Build.0 = Debug|Any CPU
		{D1356FB0-3497-4CC9-9072-1522D877EFD7}.Debug|Any CPU.Deploy.0 = Debug|Any CPU
		{D1356FB0-3497-4CC9-9072-1522D877EFD7}.Release|Any CPU.ActiveCfg = Release|Any CPU
		{D1356FB0-3497-4CC9-9072-1522D877EFD7}.Release|Any CPU.Build.0 = Release|Any CPU
		{D1356FB0-3497-4CC9-9072-1522D877EFD7}.Release|Any CPU.Deploy.0 = Release|Any CPU
	EndGlobalSection
	GlobalSection(SolutionProperties) = preSolution
		HideSolutionNode = FALSE
	EndGlobalSection
	GlobalSection(ExtensibilityGlobals) = postSolution
		SolutionGuid = {2A4C4A18-F739-4FFA-A4A2-0DCD86DFD717}
	EndGlobalSection
EndGlobal
